// !$*UTF8*$!
{
	archiveVersion = 1;
	classes = {
	};
	objectVersion = 46;
	objects = {

/* Begin PBXBuildFile section */
		7CE83BBFDF73FEE358AEC023 /* libPods.a in Frameworks */ = {isa = PBXBuildFile; fileRef = CB20E338AC2265D301C86F00 /* libPods.a */; };
		BC2E01131BAA4ACF0007B08F /* main.m in Sources */ = {isa = PBXBuildFile; fileRef = BC2E01121BAA4ACF0007B08F /* main.m */; };
		BC2E01161BAA4ACF0007B08F /* AppDelegate.m in Sources */ = {isa = PBXBuildFile; fileRef = BC2E01151BAA4ACF0007B08F /* AppDelegate.m */; };
		BC2E01191BAA4ACF0007B08F /* Funny.xcdatamodeld in Sources */ = {isa = PBXBuildFile; fileRef = BC2E01171BAA4ACF0007B08F /* Funny.xcdatamodeld */; };
		BC2E01211BAA4ACF0007B08F /* Images.xcassets in Resources */ = {isa = PBXBuildFile; fileRef = BC2E01201BAA4ACF0007B08F /* Images.xcassets */; };
		BC2E01241BAA4ACF0007B08F /* LaunchScreen.xib in Resources */ = {isa = PBXBuildFile; fileRef = BC2E01221BAA4ACF0007B08F /* LaunchScreen.xib */; };
		BC2E01301BAA4ACF0007B08F /* FunnyTests.m in Sources */ = {isa = PBXBuildFile; fileRef = BC2E012F1BAA4ACF0007B08F /* FunnyTests.m */; };
		BC9BBDDD1BAA82FA002C0C2B /* RootViewController.m in Sources */ = {isa = PBXBuildFile; fileRef = BC9BBDDC1BAA82FA002C0C2B /* RootViewController.m */; };
		BC9BBDE11BAA97A2002C0C2B /* NotesPageViewController.m in Sources */ = {isa = PBXBuildFile; fileRef = BC9BBDE01BAA97A2002C0C2B /* NotesPageViewController.m */; };
		BC9BBDE31BAA9A11002C0C2B /* Stickers.plist in Resources */ = {isa = PBXBuildFile; fileRef = BC9BBDE21BAA9A11002C0C2B /* Stickers.plist */; };
		BC9BBDE71BAA9AA6002C0C2B /* MainPageViewController.m in Sources */ = {isa = PBXBuildFile; fileRef = BC9BBDE51BAA9AA6002C0C2B /* MainPageViewController.m */; };
		BC9BBDE81BAA9AA6002C0C2B /* MainPageViewController.xib in Resources */ = {isa = PBXBuildFile; fileRef = BC9BBDE61BAA9AA6002C0C2B /* MainPageViewController.xib */; };
		BC9BBDEB1BAAAAC4002C0C2B /* bottomView.m in Sources */ = {isa = PBXBuildFile; fileRef = BC9BBDEA1BAAAAC4002C0C2B /* bottomView.m */; };
		BC9BBDED1BAAAACF002C0C2B /* bottomView.xib in Resources */ = {isa = PBXBuildFile; fileRef = BC9BBDEC1BAAAACF002C0C2B /* bottomView.xib */; };
		BC9BBDF01BAAB2D8002C0C2B /* BasicModel.m in Sources */ = {isa = PBXBuildFile; fileRef = BC9BBDEF1BAAB2D8002C0C2B /* BasicModel.m */; };
		BC9BBDF31BAAB336002C0C2B /* NoteModel.m in Sources */ = {isa = PBXBuildFile; fileRef = BC9BBDF21BAAB336002C0C2B /* NoteModel.m */; };
		BC9BBDF81BAAB6F5002C0C2B /* NotesCell.m in Sources */ = {isa = PBXBuildFile; fileRef = BC9BBDF61BAAB6F5002C0C2B /* NotesCell.m */; };
		BC9BBDF91BAAB6F5002C0C2B /* NotesCell.xib in Resources */ = {isa = PBXBuildFile; fileRef = BC9BBDF71BAAB6F5002C0C2B /* NotesCell.xib */; };
		BC9BBDFD1BAAD865002C0C2B /* DetailPageViewController.m in Sources */ = {isa = PBXBuildFile; fileRef = BC9BBDFB1BAAD865002C0C2B /* DetailPageViewController.m */; };
		BC9BBDFE1BAAD865002C0C2B /* DetailPageViewController.xib in Resources */ = {isa = PBXBuildFile; fileRef = BC9BBDFC1BAAD865002C0C2B /* DetailPageViewController.xib */; };
		BC9BBE001BAADC81002C0C2B /* miaowu.ttf in Resources */ = {isa = PBXBuildFile; fileRef = BC9BBDFF1BAADC81002C0C2B /* miaowu.ttf */; };
		BCCD26811BAA79AA0017868D /* funny.plist in Resources */ = {isa = PBXBuildFile; fileRef = BCCD26801BAA79AA0017868D /* funny.plist */; };
/* End PBXBuildFile section */

/* Begin PBXContainerItemProxy section */
		BC2E012A1BAA4ACF0007B08F /* PBXContainerItemProxy */ = {
			isa = PBXContainerItemProxy;
			containerPortal = BC2E01051BAA4ACF0007B08F /* Project object */;
			proxyType = 1;
			remoteGlobalIDString = BC2E010C1BAA4ACF0007B08F;
			remoteInfo = Funny;
		};
/* End PBXContainerItemProxy section */

/* Begin PBXFileReference section */
		230B7CA14F81F6A5EAE2F866 /* Pods.release.xcconfig */ = {isa = PBXFileReference; includeInIndex = 1; lastKnownFileType = text.xcconfig; name = Pods.release.xcconfig; path = "Pods/Target Support Files/Pods/Pods.release.xcconfig"; sourceTree = "<group>"; };
		3261CB18ECB602BB2765542D /* Pods.debug.xcconfig */ = {isa = PBXFileReference; includeInIndex = 1; lastKnownFileType = text.xcconfig; name = Pods.debug.xcconfig; path = "Pods/Target Support Files/Pods/Pods.debug.xcconfig"; sourceTree = "<group>"; };
		BC2E010D1BAA4ACF0007B08F /* Funny.app */ = {isa = PBXFileReference; explicitFileType = wrapper.application; includeInIndex = 0; path = Funny.app; sourceTree = BUILT_PRODUCTS_DIR; };
		BC2E01111BAA4ACF0007B08F /* Info.plist */ = {isa = PBXFileReference; lastKnownFileType = text.plist.xml; path = Info.plist; sourceTree = "<group>"; };
		BC2E01121BAA4ACF0007B08F /* main.m */ = {isa = PBXFileReference; lastKnownFileType = sourcecode.c.objc; path = main.m; sourceTree = "<group>"; };
		BC2E01141BAA4ACF0007B08F /* AppDelegate.h */ = {isa = PBXFileReference; lastKnownFileType = sourcecode.c.h; path = AppDelegate.h; sourceTree = "<group>"; };
		BC2E01151BAA4ACF0007B08F /* AppDelegate.m */ = {isa = PBXFileReference; lastKnownFileType = sourcecode.c.objc; path = AppDelegate.m; sourceTree = "<group>"; };
		BC2E01181BAA4ACF0007B08F /* Funny.xcdatamodel */ = {isa = PBXFileReference; lastKnownFileType = wrapper.xcdatamodel; path = Funny.xcdatamodel; sourceTree = "<group>"; };
		BC2E01201BAA4ACF0007B08F /* Images.xcassets */ = {isa = PBXFileReference; lastKnownFileType = folder.assetcatalog; path = Images.xcassets; sourceTree = "<group>"; };
		BC2E01231BAA4ACF0007B08F /* Base */ = {isa = PBXFileReference; lastKnownFileType = file.xib; name = Base; path = Base.lproj/LaunchScreen.xib; sourceTree = "<group>"; };
		BC2E01291BAA4ACF0007B08F /* FunnyTests.xctest */ = {isa = PBXFileReference; explicitFileType = wrapper.cfbundle; includeInIndex = 0; path = FunnyTests.xctest; sourceTree = BUILT_PRODUCTS_DIR; };
		BC2E012E1BAA4ACF0007B08F /* Info.plist */ = {isa = PBXFileReference; lastKnownFileType = text.plist.xml; path = Info.plist; sourceTree = "<group>"; };
		BC2E012F1BAA4ACF0007B08F /* FunnyTests.m */ = {isa = PBXFileReference; lastKnownFileType = sourcecode.c.objc; path = FunnyTests.m; sourceTree = "<group>"; };
		BC9BBDDB1BAA82FA002C0C2B /* RootViewController.h */ = {isa = PBXFileReference; fileEncoding = 4; lastKnownFileType = sourcecode.c.h; path = RootViewController.h; sourceTree = "<group>"; };
		BC9BBDDC1BAA82FA002C0C2B /* RootViewController.m */ = {isa = PBXFileReference; fileEncoding = 4; lastKnownFileType = sourcecode.c.objc; path = RootViewController.m; sourceTree = "<group>"; };
		BC9BBDDE1BAA95C3002C0C2B /* FunnyHeader.h */ = {isa = PBXFileReference; lastKnownFileType = sourcecode.c.h; path = FunnyHeader.h; sourceTree = "<group>"; };
		BC9BBDDF1BAA97A2002C0C2B /* NotesPageViewController.h */ = {isa = PBXFileReference; fileEncoding = 4; lastKnownFileType = sourcecode.c.h; path = NotesPageViewController.h; sourceTree = "<group>"; };
		BC9BBDE01BAA97A2002C0C2B /* NotesPageViewController.m */ = {isa = PBXFileReference; fileEncoding = 4; lastKnownFileType = sourcecode.c.objc; path = NotesPageViewController.m; sourceTree = "<group>"; };
		BC9BBDE21BAA9A11002C0C2B /* Stickers.plist */ = {isa = PBXFileReference; lastKnownFileType = file.bplist; path = Stickers.plist; sourceTree = "<group>"; };
		BC9BBDE41BAA9AA6002C0C2B /* MainPageViewController.h */ = {isa = PBXFileReference; fileEncoding = 4; lastKnownFileType = sourcecode.c.h; path = MainPageViewController.h; sourceTree = "<group>"; };
		BC9BBDE51BAA9AA6002C0C2B /* MainPageViewController.m */ = {isa = PBXFileReference; fileEncoding = 4; lastKnownFileType = sourcecode.c.objc; path = MainPageViewController.m; sourceTree = "<group>"; };
		BC9BBDE61BAA9AA6002C0C2B /* MainPageViewController.xib */ = {isa = PBXFileReference; fileEncoding = 4; lastKnownFileType = file.xib; path = MainPageViewController.xib; sourceTree = "<group>"; };
		BC9BBDE91BAAAAC4002C0C2B /* bottomView.h */ = {isa = PBXFileReference; fileEncoding = 4; lastKnownFileType = sourcecode.c.h; path = bottomView.h; sourceTree = "<group>"; };
		BC9BBDEA1BAAAAC4002C0C2B /* bottomView.m */ = {isa = PBXFileReference; fileEncoding = 4; lastKnownFileType = sourcecode.c.objc; path = bottomView.m; sourceTree = "<group>"; };
		BC9BBDEC1BAAAACF002C0C2B /* bottomView.xib */ = {isa = PBXFileReference; fileEncoding = 4; lastKnownFileType = file.xib; path = bottomView.xib; sourceTree = "<group>"; };
		BC9BBDEE1BAAB2D8002C0C2B /* BasicModel.h */ = {isa = PBXFileReference; fileEncoding = 4; lastKnownFileType = sourcecode.c.h; path = BasicModel.h; sourceTree = "<group>"; };
		BC9BBDEF1BAAB2D8002C0C2B /* BasicModel.m */ = {isa = PBXFileReference; fileEncoding = 4; lastKnownFileType = sourcecode.c.objc; path = BasicModel.m; sourceTree = "<group>"; };
		BC9BBDF11BAAB336002C0C2B /* NoteModel.h */ = {isa = PBXFileReference; fileEncoding = 4; lastKnownFileType = sourcecode.c.h; path = NoteModel.h; sourceTree = "<group>"; };
		BC9BBDF21BAAB336002C0C2B /* NoteModel.m */ = {isa = PBXFileReference; fileEncoding = 4; lastKnownFileType = sourcecode.c.objc; path = NoteModel.m; sourceTree = "<group>"; };
		BC9BBDF51BAAB6F5002C0C2B /* NotesCell.h */ = {isa = PBXFileReference; fileEncoding = 4; lastKnownFileType = sourcecode.c.h; path = NotesCell.h; sourceTree = "<group>"; };
		BC9BBDF61BAAB6F5002C0C2B /* NotesCell.m */ = {isa = PBXFileReference; fileEncoding = 4; lastKnownFileType = sourcecode.c.objc; path = NotesCell.m; sourceTree = "<group>"; };
		BC9BBDF71BAAB6F5002C0C2B /* NotesCell.xib */ = {isa = PBXFileReference; fileEncoding = 4; lastKnownFileType = file.xib; path = NotesCell.xib; sourceTree = "<group>"; };
		BC9BBDFA1BAAD865002C0C2B /* DetailPageViewController.h */ = {isa = PBXFileReference; fileEncoding = 4; lastKnownFileType = sourcecode.c.h; path = DetailPageViewController.h; sourceTree = "<group>"; };
		BC9BBDFB1BAAD865002C0C2B /* DetailPageViewController.m */ = {isa = PBXFileReference; fileEncoding = 4; lastKnownFileType = sourcecode.c.objc; path = DetailPageViewController.m; sourceTree = "<group>"; };
		BC9BBDFC1BAAD865002C0C2B /* DetailPageViewController.xib */ = {isa = PBXFileReference; fileEncoding = 4; lastKnownFileType = file.xib; path = DetailPageViewController.xib; sourceTree = "<group>"; };
		BC9BBDFF1BAADC81002C0C2B /* miaowu.ttf */ = {isa = PBXFileReference; lastKnownFileType = file; path = miaowu.ttf; sourceTree = "<group>"; };
		BCCD26801BAA79AA0017868D /* funny.plist */ = {isa = PBXFileReference; fileEncoding = 4; lastKnownFileType = text.plist.xml; path = funny.plist; sourceTree = "<group>"; };
		CB20E338AC2265D301C86F00 /* libPods.a */ = {isa = PBXFileReference; explicitFileType = archive.ar; includeInIndex = 0; path = libPods.a; sourceTree = BUILT_PRODUCTS_DIR; };
/* End PBXFileReference section */

/* Begin PBXFrameworksBuildPhase section */
		BC2E010A1BAA4ACF0007B08F /* Frameworks */ = {
			isa = PBXFrameworksBuildPhase;
			buildActionMask = 2147483647;
			files = (
				7CE83BBFDF73FEE358AEC023 /* libPods.a in Frameworks */,
			);
			runOnlyForDeploymentPostprocessing = 0;
		};
		BC2E01261BAA4ACF0007B08F /* Frameworks */ = {
			isa = PBXFrameworksBuildPhase;
			buildActionMask = 2147483647;
			files = (
			);
			runOnlyForDeploymentPostprocessing = 0;
		};
/* End PBXFrameworksBuildPhase section */

/* Begin PBXGroup section */
		BAE3739B2F1758D894AF9BEA /* Frameworks */ = {
			isa = PBXGroup;
			children = (
				CB20E338AC2265D301C86F00 /* libPods.a */,
			);
			name = Frameworks;
			sourceTree = "<group>";
		};
		BC2E01041BAA4ACF0007B08F = {
			isa = PBXGroup;
			children = (
				BCCD26831BAA7AF40017868D /* Model */,
				BCCD26821BAA7AE50017868D /* VC */,
				BC2E010F1BAA4ACF0007B08F /* Funny */,
				BC2E012C1BAA4ACF0007B08F /* FunnyTests */,
				BC2E010E1BAA4ACF0007B08F /* Products */,
				E669D4E14BAA1D3EC8CF97B6 /* Pods */,
				BAE3739B2F1758D894AF9BEA /* Frameworks */,
			);
			sourceTree = "<group>";
		};
		BC2E010E1BAA4ACF0007B08F /* Products */ = {
			isa = PBXGroup;
			children = (
				BC2E010D1BAA4ACF0007B08F /* Funny.app */,
				BC2E01291BAA4ACF0007B08F /* FunnyTests.xctest */,
			);
			name = Products;
			sourceTree = "<group>";
		};
		BC2E010F1BAA4ACF0007B08F /* Funny */ = {
			isa = PBXGroup;
			children = (
				BC2E01141BAA4ACF0007B08F /* AppDelegate.h */,
				BC2E01151BAA4ACF0007B08F /* AppDelegate.m */,
				BC2E01201BAA4ACF0007B08F /* Images.xcassets */,
				BC2E01221BAA4ACF0007B08F /* LaunchScreen.xib */,
				BC2E01171BAA4ACF0007B08F /* Funny.xcdatamodeld */,
				BC2E01101BAA4ACF0007B08F /* Supporting Files */,
			);
			path = Funny;
			sourceTree = "<group>";
		};
		BC2E01101BAA4ACF0007B08F /* Supporting Files */ = {
			isa = PBXGroup;
			children = (
				BC9BBDFF1BAADC81002C0C2B /* miaowu.ttf */,
				BC9BBDE21BAA9A11002C0C2B /* Stickers.plist */,
				BCCD26801BAA79AA0017868D /* funny.plist */,
				BC2E01111BAA4ACF0007B08F /* Info.plist */,
				BC2E01121BAA4ACF0007B08F /* main.m */,
				BC9BBDDE1BAA95C3002C0C2B /* FunnyHeader.h */,
			);
			name = "Supporting Files";
			sourceTree = "<group>";
		};
		BC2E012C1BAA4ACF0007B08F /* FunnyTests */ = {
			isa = PBXGroup;
			children = (
				BC2E012F1BAA4ACF0007B08F /* FunnyTests.m */,
				BC2E012D1BAA4ACF0007B08F /* Supporting Files */,
			);
			path = FunnyTests;
			sourceTree = "<group>";
		};
		BC2E012D1BAA4ACF0007B08F /* Supporting Files */ = {
			isa = PBXGroup;
			children = (
				BC2E012E1BAA4ACF0007B08F /* Info.plist */,
			);
			name = "Supporting Files";
			sourceTree = "<group>";
		};
		BC9BBDF41BAAB6D3002C0C2B /* cell */ = {
			isa = PBXGroup;
			children = (
				BC9BBDF51BAAB6F5002C0C2B /* NotesCell.h */,
				BC9BBDF61BAAB6F5002C0C2B /* NotesCell.m */,
				BC9BBDF71BAAB6F5002C0C2B /* NotesCell.xib */,
			);
			path = cell;
			sourceTree = "<group>";
		};
		BCCD26821BAA7AE50017868D /* VC */ = {
			isa = PBXGroup;
			children = (
				BC9BBDF41BAAB6D3002C0C2B /* cell */,
				BC9BBDDB1BAA82FA002C0C2B /* RootViewController.h */,
				BC9BBDDC1BAA82FA002C0C2B /* RootViewController.m */,
				BC9BBDE91BAAAAC4002C0C2B /* bottomView.h */,
				BC9BBDEA1BAAAAC4002C0C2B /* bottomView.m */,
				BC9BBDEC1BAAAACF002C0C2B /* bottomView.xib */,
				BC9BBDDF1BAA97A2002C0C2B /* NotesPageViewController.h */,
				BC9BBDE01BAA97A2002C0C2B /* NotesPageViewController.m */,
				BC9BBDFA1BAAD865002C0C2B /* DetailPageViewController.h */,
				BC9BBDFB1BAAD865002C0C2B /* DetailPageViewController.m */,
				BC9BBDFC1BAAD865002C0C2B /* DetailPageViewController.xib */,
				BC9BBDE41BAA9AA6002C0C2B /* MainPageViewController.h */,
				BC9BBDE51BAA9AA6002C0C2B /* MainPageViewController.m */,
				BC9BBDE61BAA9AA6002C0C2B /* MainPageViewController.xib */,
			);
			name = VC;
			path = Funny/VC;
			sourceTree = "<group>";
		};
		BCCD26831BAA7AF40017868D /* Model */ = {
			isa = PBXGroup;
			children = (
				BC9BBDEE1BAAB2D8002C0C2B /* BasicModel.h */,
				BC9BBDEF1BAAB2D8002C0C2B /* BasicModel.m */,
				BC9BBDF11BAAB336002C0C2B /* NoteModel.h */,
				BC9BBDF21BAAB336002C0C2B /* NoteModel.m */,
			);
			name = Model;
			path = Funny/Model;
			sourceTree = "<group>";
		};
		E669D4E14BAA1D3EC8CF97B6 /* Pods */ = {
			isa = PBXGroup;
			children = (
				3261CB18ECB602BB2765542D /* Pods.debug.xcconfig */,
				230B7CA14F81F6A5EAE2F866 /* Pods.release.xcconfig */,
			);
			name = Pods;
			sourceTree = "<group>";
		};
/* End PBXGroup section */

/* Begin PBXNativeTarget section */
		BC2E010C1BAA4ACF0007B08F /* Funny */ = {
			isa = PBXNativeTarget;
			buildConfigurationList = BC2E01331BAA4ACF0007B08F /* Build configuration list for PBXNativeTarget "Funny" */;
			buildPhases = (
				BA5BC0DA30AB989BA7DF0472 /* Check Pods Manifest.lock */,
				BC2E01091BAA4ACF0007B08F /* Sources */,
				BC2E010A1BAA4ACF0007B08F /* Frameworks */,
				BC2E010B1BAA4ACF0007B08F /* Resources */,
				BD884CFB8272617B76944D77 /* Copy Pods Resources */,
			);
			buildRules = (
			);
			dependencies = (
			);
			name = Funny;
			productName = Funny;
			productReference = BC2E010D1BAA4ACF0007B08F /* Funny.app */;
			productType = "com.apple.product-type.application";
		};
		BC2E01281BAA4ACF0007B08F /* FunnyTests */ = {
			isa = PBXNativeTarget;
			buildConfigurationList = BC2E01361BAA4ACF0007B08F /* Build configuration list for PBXNativeTarget "FunnyTests" */;
			buildPhases = (
				BC2E01251BAA4ACF0007B08F /* Sources */,
				BC2E01261BAA4ACF0007B08F /* Frameworks */,
				BC2E01271BAA4ACF0007B08F /* Resources */,
			);
			buildRules = (
			);
			dependencies = (
				BC2E012B1BAA4ACF0007B08F /* PBXTargetDependency */,
			);
			name = FunnyTests;
			productName = FunnyTests;
			productReference = BC2E01291BAA4ACF0007B08F /* FunnyTests.xctest */;
			productType = "com.apple.product-type.bundle.unit-test";
		};
/* End PBXNativeTarget section */

/* Begin PBXProject section */
		BC2E01051BAA4ACF0007B08F /* Project object */ = {
			isa = PBXProject;
			attributes = {
				LastUpgradeCheck = 0630;
				ORGANIZATIONNAME = __None__;
				TargetAttributes = {
					BC2E010C1BAA4ACF0007B08F = {
						CreatedOnToolsVersion = 6.3.1;
					};
					BC2E01281BAA4ACF0007B08F = {
						CreatedOnToolsVersion = 6.3.1;
						TestTargetID = BC2E010C1BAA4ACF0007B08F;
					};
				};
			};
			buildConfigurationList = BC2E01081BAA4ACF0007B08F /* Build configuration list for PBXProject "Funny" */;
			compatibilityVersion = "Xcode 3.2";
			developmentRegion = English;
			hasScannedForEncodings = 0;
			knownRegions = (
				en,
				Base,
			);
			mainGroup = BC2E01041BAA4ACF0007B08F;
			productRefGroup = BC2E010E1BAA4ACF0007B08F /* Products */;
			projectDirPath = "";
			projectRoot = "";
			targets = (
				BC2E010C1BAA4ACF0007B08F /* Funny */,
				BC2E01281BAA4ACF0007B08F /* FunnyTests */,
			);
		};
/* End PBXProject section */

/* Begin PBXResourcesBuildPhase section */
		BC2E010B1BAA4ACF0007B08F /* Resources */ = {
			isa = PBXResourcesBuildPhase;
			buildActionMask = 2147483647;
			files = (
				BC9BBDE31BAA9A11002C0C2B /* Stickers.plist in Resources */,
				BC9BBDED1BAAAACF002C0C2B /* bottomView.xib in Resources */,
				BC2E01241BAA4ACF0007B08F /* LaunchScreen.xib in Resources */,
				BC2E01211BAA4ACF0007B08F /* Images.xcassets in Resources */,
				BC9BBDFE1BAAD865002C0C2B /* DetailPageViewController.xib in Resources */,
				BCCD26811BAA79AA0017868D /* funny.plist in Resources */,
				BC9BBE001BAADC81002C0C2B /* miaowu.ttf in Resources */,
				BC9BBDF91BAAB6F5002C0C2B /* NotesCell.xib in Resources */,
				BC9BBDE81BAA9AA6002C0C2B /* MainPageViewController.xib in Resources */,
			);
			runOnlyForDeploymentPostprocessing = 0;
		};
		BC2E01271BAA4ACF0007B08F /* Resources */ = {
			isa = PBXResourcesBuildPhase;
			buildActionMask = 2147483647;
			files = (
			);
			runOnlyForDeploymentPostprocessing = 0;
		};
/* End PBXResourcesBuildPhase section */

/* Begin PBXShellScriptBuildPhase section */
		BA5BC0DA30AB989BA7DF0472 /* Check Pods Manifest.lock */ = {
			isa = PBXShellScriptBuildPhase;
			buildActionMask = 2147483647;
			files = (
			);
			inputPaths = (
			);
			name = "Check Pods Manifest.lock";
			outputPaths = (
			);
			runOnlyForDeploymentPostprocessing = 0;
			shellPath = /bin/sh;
			shellScript = "diff \"${PODS_ROOT}/../Podfile.lock\" \"${PODS_ROOT}/Manifest.lock\" > /dev/null\nif [[ $? != 0 ]] ; then\n    cat << EOM\nerror: The sandbox is not in sync with the Podfile.lock. Run 'pod install' or update your CocoaPods installation.\nEOM\n    exit 1\nfi\n";
			showEnvVarsInLog = 0;
		};
		BD884CFB8272617B76944D77 /* Copy Pods Resources */ = {
			isa = PBXShellScriptBuildPhase;
			buildActionMask = 2147483647;
			files = (
			);
			inputPaths = (
			);
			name = "Copy Pods Resources";
			outputPaths = (
			);
			runOnlyForDeploymentPostprocessing = 0;
			shellPath = /bin/sh;
			shellScript = "\"${SRCROOT}/Pods/Target Support Files/Pods/Pods-resources.sh\"\n";
			showEnvVarsInLog = 0;
		};
/* End PBXShellScriptBuildPhase section */

/* Begin PBXSourcesBuildPhase section */
		BC2E01091BAA4ACF0007B08F /* Sources */ = {
			isa = PBXSourcesBuildPhase;
			buildActionMask = 2147483647;
			files = (
				BC2E01191BAA4ACF0007B08F /* Funny.xcdatamodeld in Sources */,
				BC9BBDF31BAAB336002C0C2B /* NoteModel.m in Sources */,
				BC9BBDE11BAA97A2002C0C2B /* NotesPageViewController.m in Sources */,
				BC9BBDF81BAAB6F5002C0C2B /* NotesCell.m in Sources */,
				BC9BBDFD1BAAD865002C0C2B /* DetailPageViewController.m in Sources */,
				BC9BBDF01BAAB2D8002C0C2B /* BasicModel.m in Sources */,
				BC9BBDE71BAA9AA6002C0C2B /* MainPageViewController.m in Sources */,
				BC2E01161BAA4ACF0007B08F /* AppDelegate.m in Sources */,
				BC9BBDDD1BAA82FA002C0C2B /* RootViewController.m in Sources */,
				BC9BBDEB1BAAAAC4002C0C2B /* bottomView.m in Sources */,
				BC2E01131BAA4ACF0007B08F /* main.m in Sources */,
			);
			runOnlyForDeploymentPostprocessing = 0;
		};
		BC2E01251BAA4ACF0007B08F /* Sources */ = {
			isa = PBXSourcesBuildPhase;
			buildActionMask = 2147483647;
			files = (
				BC2E01301BAA4ACF0007B08F /* FunnyTests.m in Sources */,
			);
			runOnlyForDeploymentPostprocessing = 0;
		};
/* End PBXSourcesBuildPhase section */

/* Begin PBXTargetDependency section */
		BC2E012B1BAA4ACF0007B08F /* PBXTargetDependency */ = {
			isa = PBXTargetDependency;
			target = BC2E010C1BAA4ACF0007B08F /* Funny */;
			targetProxy = BC2E012A1BAA4ACF0007B08F /* PBXContainerItemProxy */;
		};
/* End PBXTargetDependency section */

/* Begin PBXVariantGroup section */
		BC2E01221BAA4ACF0007B08F /* LaunchScreen.xib */ = {
			isa = PBXVariantGroup;
			children = (
				BC2E01231BAA4ACF0007B08F /* Base */,
			);
			name = LaunchScreen.xib;
			sourceTree = "<group>";
		};
/* End PBXVariantGroup section */

/* Begin XCBuildConfiguration section */
		BC2E01311BAA4ACF0007B08F /* Debug */ = {
			isa = XCBuildConfiguration;
			buildSettings = {
				ALWAYS_SEARCH_USER_PATHS = NO;
				CLANG_CXX_LANGUAGE_STANDARD = "gnu++0x";
				CLANG_CXX_LIBRARY = "libc++";
				CLANG_ENABLE_MODULES = YES;
				CLANG_ENABLE_OBJC_ARC = YES;
				CLANG_WARN_BOOL_CONVERSION = YES;
				CLANG_WARN_CONSTANT_CONVERSION = YES;
				CLANG_WARN_DIRECT_OBJC_ISA_USAGE = YES_ERROR;
				CLANG_WARN_EMPTY_BODY = YES;
				CLANG_WARN_ENUM_CONVERSION = YES;
				CLANG_WARN_INT_CONVERSION = YES;
				CLANG_WARN_OBJC_ROOT_CLASS = YES_ERROR;
				CLANG_WARN_UNREACHABLE_CODE = YES;
				CLANG_WARN__DUPLICATE_METHOD_MATCH = YES;
				"CODE_SIGN_IDENTITY[sdk=iphoneos*]" = "iPhone Developer";
				COPY_PHASE_STRIP = NO;
				DEBUG_INFORMATION_FORMAT = "dwarf-with-dsym";
				ENABLE_STRICT_OBJC_MSGSEND = YES;
				GCC_C_LANGUAGE_STANDARD = gnu99;
				GCC_DYNAMIC_NO_PIC = NO;
				GCC_NO_COMMON_BLOCKS = YES;
				GCC_OPTIMIZATION_LEVEL = 0;
				GCC_PREPROCESSOR_DEFINITIONS = (
					"DEBUG=1",
					"$(inherited)",
				);
				GCC_SYMBOLS_PRIVATE_EXTERN = NO;
				GCC_WARN_64_TO_32_BIT_CONVERSION = YES;
				GCC_WARN_ABOUT_RETURN_TYPE = YES_ERROR;
				GCC_WARN_UNDECLARED_SELECTOR = YES;
				GCC_WARN_UNINITIALIZED_AUTOS = YES_AGGRESSIVE;
				GCC_WARN_UNUSED_FUNCTION = YES;
				GCC_WARN_UNUSED_VARIABLE = YES;
				IPHONEOS_DEPLOYMENT_TARGET = 8.3;
				MTL_ENABLE_DEBUG_INFO = YES;
				ONLY_ACTIVE_ARCH = YES;
				SDKROOT = iphoneos;
			};
			name = Debug;
		};
		BC2E01321BAA4ACF0007B08F /* Release */ = {
			isa = XCBuildConfiguration;
			buildSettings = {
				ALWAYS_SEARCH_USER_PATHS = NO;
				CLANG_CXX_LANGUAGE_STANDARD = "gnu++0x";
				CLANG_CXX_LIBRARY = "libc++";
				CLANG_ENABLE_MODULES = YES;
				CLANG_ENABLE_OBJC_ARC = YES;
				CLANG_WARN_BOOL_CONVERSION = YES;
				CLANG_WARN_CONSTANT_CONVERSION = YES;
				CLANG_WARN_DIRECT_OBJC_ISA_USAGE = YES_ERROR;
				CLANG_WARN_EMPTY_BODY = YES;
				CLANG_WARN_ENUM_CONVERSION = YES;
				CLANG_WARN_INT_CONVERSION = YES;
				CLANG_WARN_OBJC_ROOT_CLASS = YES_ERROR;
				CLANG_WARN_UNREACHABLE_CODE = YES;
				CLANG_WARN__DUPLICATE_METHOD_MATCH = YES;
				"CODE_SIGN_IDENTITY[sdk=iphoneos*]" = "iPhone Developer";
				COPY_PHASE_STRIP = NO;
				DEBUG_INFORMATION_FORMAT = "dwarf-with-dsym";
				ENABLE_NS_ASSERTIONS = NO;
				ENABLE_STRICT_OBJC_MSGSEND = YES;
				GCC_C_LANGUAGE_STANDARD = gnu99;
				GCC_NO_COMMON_BLOCKS = YES;
				GCC_WARN_64_TO_32_BIT_CONVERSION = YES;
				GCC_WARN_ABOUT_RETURN_TYPE = YES_ERROR;
				GCC_WARN_UNDECLARED_SELECTOR = YES;
				GCC_WARN_UNINITIALIZED_AUTOS = YES_AGGRESSIVE;
				GCC_WARN_UNUSED_FUNCTION = YES;
				GCC_WARN_UNUSED_VARIABLE = YES;
				IPHONEOS_DEPLOYMENT_TARGET = 8.3;
				MTL_ENABLE_DEBUG_INFO = NO;
				SDKROOT = iphoneos;
				VALIDATE_PRODUCT = YES;
			};
			name = Release;
		};
		BC2E01341BAA4ACF0007B08F /* Debug */ = {
			isa = XCBuildConfiguration;
			baseConfigurationReference = 3261CB18ECB602BB2765542D /* Pods.debug.xcconfig */;
			buildSettings = {
				ASSETCATALOG_COMPILER_APPICON_NAME = AppIcon;
				INFOPLIST_FILE = Funny/Info.plist;
				IPHONEOS_DEPLOYMENT_TARGET = 7.0;
				LD_RUNPATH_SEARCH_PATHS = "$(inherited) @executable_path/Frameworks";
				PRODUCT_NAME = "$(TARGET_NAME)";
			};
			name = Debug;
		};
		BC2E01351BAA4ACF0007B08F /* Release */ = {
			isa = XCBuildConfiguration;
			baseConfigurationReference = 230B7CA14F81F6A5EAE2F866 /* Pods.release.xcconfig */;
			buildSettings = {
				ASSETCATALOG_COMPILER_APPICON_NAME = AppIcon;
				INFOPLIST_FILE = Funny/Info.plist;
				IPHONEOS_DEPLOYMENT_TARGET = 7.0;
				LD_RUNPATH_SEARCH_PATHS = "$(inherited) @executable_path/Frameworks";
				PRODUCT_NAME = "$(TARGET_NAME)";
			};
			name = Release;
		};
		BC2E01371BAA4ACF0007B08F /* Debug */ = {
			isa = XCBuildConfiguration;
			buildSettings = {
				BUNDLE_LOADER = "$(TEST_HOST)";
				FRAMEWORK_SEARCH_PATHS = (
					"$(SDKROOT)/Developer/Library/Frameworks",
					"$(inherited)",
				);
				GCC_PREPROCESSOR_DEFINITIONS = (
					"DEBUG=1",
					"$(inherited)",
				);
				INFOPLIST_FILE = FunnyTests/Info.plist;
				LD_RUNPATH_SEARCH_PATHS = "$(inherited) @executable_path/Frameworks @loader_path/Frameworks";
				PRODUCT_NAME = "$(TARGET_NAME)";
				TEST_HOST = "$(BUILT_PRODUCTS_DIR)/Funny.app/Funny";
			};
			name = Debug;
		};
		BC2E01381BAA4ACF0007B08F /* Release */ = {
			isa = XCBuildConfiguration;
			buildSettings = {
				BUNDLE_LOADER = "$(TEST_HOST)";
				FRAMEWORK_SEARCH_PATHS = (
					"$(SDKROOT)/Developer/Library/Frameworks",
					"$(inherited)",
				);
				INFOPLIST_FILE = FunnyTests/Info.plist;
				LD_RUNPATH_SEARCH_PATHS = "$(inherited) @executable_path/Frameworks @loader_path/Frameworks";
				PRODUCT_NAME = "$(TARGET_NAME)";
				TEST_HOST = "$(BUILT_PRODUCTS_DIR)/Funny.app/Funny";
			};
			name = Release;
		};
/* End XCBuildConfiguration section */

/* Begin XCConfigurationList section */
		BC2E01081BAA4ACF0007B08F /* Build configuration list for PBXProject "Funny" */ = {
			isa = XCConfigurationList;
			buildConfigurations = (
				BC2E01311BAA4ACF0007B08F /* Debug */,
				BC2E01321BAA4ACF0007B08F /* Release */,
			);
			defaultConfigurationIsVisible = 0;
			defaultConfigurationName = Release;
		};
		BC2E01331BAA4ACF0007B08F /* Build configuration list for PBXNativeTarget "Funny" */ = {
			isa = XCConfigurationList;
			buildConfigurations = (
				BC2E01341BAA4ACF0007B08F /* Debug */,
				BC2E01351BAA4ACF0007B08F /* Release */,
			);
			defaultConfigurationIsVisible = 0;
			defaultConfigurationName = Release;
		};
		BC2E01361BAA4ACF0007B08F /* Build configuration list for PBXNativeTarget "FunnyTests" */ = {
			isa = XCConfigurationList;
			buildConfigurations = (
				BC2E01371BAA4ACF0007B08F /* Debug */,
				BC2E01381BAA4ACF0007B08F /* Release */,
			);
			defaultConfigurationIsVisible = 0;
			defaultConfigurationName = Release;
		};
/* End XCConfigurationList section */

/* Begin XCVersionGroup section */
		BC2E01171BAA4ACF0007B08F /* Funny.xcdatamodeld */ = {
			isa = XCVersionGroup;
			children = (
				BC2E01181BAA4ACF0007B08F /* Funny.xcdatamodel */,
			);
			currentVersion = BC2E01181BAA4ACF0007B08F /* Funny.xcdatamodel */;
			path = Funny.xcdatamodeld;
			sourceTree = "<group>";
			versionGroupType = wrapper.xcdatamodel;
		};
/* End XCVersionGroup section */
	};
	rootObject = BC2E01051BAA4ACF0007B08F /* Project object */;
}
