// !$*UTF8*$!
{
	archiveVersion = 1;
	classes = {
	};
	objectVersion = 46;
	objects = {

/* Begin PBXBuildFile section */
		BC2E01131BAA4ACF0007B08F /* main.m in Sources */ = {isa = PBXBuildFile; fileRef = BC2E01121BAA4ACF0007B08F /* main.m */; };
		BC2E01161BAA4ACF0007B08F /* AppDelegate.m in Sources */ = {isa = PBXBuildFile; fileRef = BC2E01151BAA4ACF0007B08F /* AppDelegate.m */; };
		BC2E01191BAA4ACF0007B08F /* Funny.xcdatamodeld in Sources */ = {isa = PBXBuildFile; fileRef = BC2E01171BAA4ACF0007B08F /* Funny.xcdatamodeld */; };
		BC2E011C1BAA4ACF0007B08F /* ViewController.m in Sources */ = {isa = PBXBuildFile; fileRef = BC2E011B1BAA4ACF0007B08F /* ViewController.m */; };
		BC2E011F1BAA4ACF0007B08F /* Main.storyboard in Resources */ = {isa = PBXBuildFile; fileRef = BC2E011D1BAA4ACF0007B08F /* Main.storyboard */; };
		BC2E01211BAA4ACF0007B08F /* Images.xcassets in Resources */ = {isa = PBXBuildFile; fileRef = BC2E01201BAA4ACF0007B08F /* Images.xcassets */; };
		BC2E01241BAA4ACF0007B08F /* LaunchScreen.xib in Resources */ = {isa = PBXBuildFile; fileRef = BC2E01221BAA4ACF0007B08F /* LaunchScreen.xib */; };
		BC2E01301BAA4ACF0007B08F /* FunnyTests.m in Sources */ = {isa = PBXBuildFile; fileRef = BC2E012F1BAA4ACF0007B08F /* FunnyTests.m */; };
/* End PBXBuildFile section */

/* Begin PBXContainerItemProxy section */
		BC2E012A1BAA4ACF0007B08F /* PBXContainerItemProxy */ = {
			isa = PBXContainerItemProxy;
			containerPortal = BC2E01051BAA4ACF0007B08F /* Project object */;
			proxyType = 1;
			remoteGlobalIDString = BC2E010C1BAA4ACF0007B08F;
			remoteInfo = Funny;
		};
/* End PBXContainerItemProxy section */

/* Begin PBXFileReference section */
		BC2E010D1BAA4ACF0007B08F /* Funny.app */ = {isa = PBXFileReference; explicitFileType = wrapper.application; includeInIndex = 0; path = Funny.app; sourceTree = BUILT_PRODUCTS_DIR; };
		BC2E01111BAA4ACF0007B08F /* Info.plist */ = {isa = PBXFileReference; lastKnownFileType = text.plist.xml; path = Info.plist; sourceTree = "<group>"; };
		BC2E01121BAA4ACF0007B08F /* main.m */ = {isa = PBXFileReference; lastKnownFileType = sourcecode.c.objc; path = main.m; sourceTree = "<group>"; };
		BC2E01141BAA4ACF0007B08F /* AppDelegate.h */ = {isa = PBXFileReference; lastKnownFileType = sourcecode.c.h; path = AppDelegate.h; sourceTree = "<group>"; };
		BC2E01151BAA4ACF0007B08F /* AppDelegate.m */ = {isa = PBXFileReference; lastKnownFileType = sourcecode.c.objc; path = AppDelegate.m; sourceTree = "<group>"; };
		BC2E01181BAA4ACF0007B08F /* Funny.xcdatamodel */ = {isa = PBXFileReference; lastKnownFileType = wrapper.xcdatamodel; path = Funny.xcdatamodel; sourceTree = "<group>"; };
		BC2E011A1BAA4ACF0007B08F /* ViewController.h */ = {isa = PBXFileReference; lastKnownFileType = sourcecode.c.h; path = ViewController.h; sourceTree = "<group>"; };
		BC2E011B1BAA4ACF0007B08F /* ViewController.m */ = {isa = PBXFileReference; lastKnownFileType = sourcecode.c.objc; path = ViewController.m; sourceTree = "<group>"; };
		BC2E011E1BAA4ACF0007B08F /* Base */ = {isa = PBXFileReference; lastKnownFileType = file.storyboard; name = Base; path = Base.lproj/Main.storyboard; sourceTree = "<group>"; };
		BC2E01201BAA4ACF0007B08F /* Images.xcassets */ = {isa = PBXFileReference; lastKnownFileType = folder.assetcatalog; path = Images.xcassets; sourceTree = "<group>"; };
		BC2E01231BAA4ACF0007B08F /* Base */ = {isa = PBXFileReference; lastKnownFileType = file.xib; name = Base; path = Base.lproj/LaunchScreen.xib; sourceTree = "<group>"; };
		BC2E01291BAA4ACF0007B08F /* FunnyTests.xctest */ = {isa = PBXFileReference; explicitFileType = wrapper.cfbundle; includeInIndex = 0; path = FunnyTests.xctest; sourceTree = BUILT_PRODUCTS_DIR; };
		BC2E012E1BAA4ACF0007B08F /* Info.plist */ = {isa = PBXFileReference; lastKnownFileType = text.plist.xml; path = Info.plist; sourceTree = "<group>"; };
		BC2E012F1BAA4ACF0007B08F /* FunnyTests.m */ = {isa = PBXFileReference; lastKnownFileType = sourcecode.c.objc; path = FunnyTests.m; sourceTree = "<group>"; };
/* End PBXFileReference section */

/* Begin PBXFrameworksBuildPhase section */
		BC2E010A1BAA4ACF0007B08F /* Frameworks */ = {
			isa = PBXFrameworksBuildPhase;
			buildActionMask = 2147483647;
			files = (
			);
			runOnlyForDeploymentPostprocessing = 0;
		};
		BC2E01261BAA4ACF0007B08F /* Frameworks */ = {
			isa = PBXFrameworksBuildPhase;
			buildActionMask = 2147483647;
			files = (
			);
			runOnlyForDeploymentPostprocessing = 0;
		};
/* End PBXFrameworksBuildPhase section */

/* Begin PBXGroup section */
		BC2E01041BAA4ACF0007B08F = {
			isa = PBXGroup;
			children = (
				BC2E010F1BAA4ACF0007B08F /* Funny */,
				BC2E012C1BAA4ACF0007B08F /* FunnyTests */,
				BC2E010E1BAA4ACF0007B08F /* Products */,
			);
			sourceTree = "<group>";
		};
		BC2E010E1BAA4ACF0007B08F /* Products */ = {
			isa = PBXGroup;
			children = (
				BC2E010D1BAA4ACF0007B08F /* Funny.app */,
				BC2E01291BAA4ACF0007B08F /* FunnyTests.xctest */,
			);
			name = Products;
			sourceTree = "<group>";
		};
		BC2E010F1BAA4ACF0007B08F /* Funny */ = {
			isa = PBXGroup;
			children = (
				BC2E01141BAA4ACF0007B08F /* AppDelegate.h */,
				BC2E01151BAA4ACF0007B08F /* AppDelegate.m */,
				BC2E011A1BAA4ACF0007B08F /* ViewController.h */,
				BC2E011B1BAA4ACF0007B08F /* ViewController.m */,
				BC2E011D1BAA4ACF0007B08F /* Main.storyboard */,
				BC2E01201BAA4ACF0007B08F /* Images.xcassets */,
				BC2E01221BAA4ACF0007B08F /* LaunchScreen.xib */,
				BC2E01171BAA4ACF0007B08F /* Funny.xcdatamodeld */,
				BC2E01101BAA4ACF0007B08F /* Supporting Files */,
			);
			path = Funny;
			sourceTree = "<group>";
		};
		BC2E01101BAA4ACF0007B08F /* Supporting Files */ = {
			isa = PBXGroup;
			children = (
				BC2E01111BAA4ACF0007B08F /* Info.plist */,
				BC2E01121BAA4ACF0007B08F /* main.m */,
			);
			name = "Supporting Files";
			sourceTree = "<group>";
		};
		BC2E012C1BAA4ACF0007B08F /* FunnyTests */ = {
			isa = PBXGroup;
			children = (
				BC2E012F1BAA4ACF0007B08F /* FunnyTests.m */,
				BC2E012D1BAA4ACF0007B08F /* Supporting Files */,
			);
			path = FunnyTests;
			sourceTree = "<group>";
		};
		BC2E012D1BAA4ACF0007B08F /* Supporting Files */ = {
			isa = PBXGroup;
			children = (
				BC2E012E1BAA4ACF0007B08F /* Info.plist */,
			);
			name = "Supporting Files";
			sourceTree = "<group>";
		};
/* End PBXGroup section */

/* Begin PBXNativeTarget section */
		BC2E010C1BAA4ACF0007B08F /* Funny */ = {
			isa = PBXNativeTarget;
			buildConfigurationList = BC2E01331BAA4ACF0007B08F /* Build configuration list for PBXNativeTarget "Funny" */;
			buildPhases = (
				BC2E01091BAA4ACF0007B08F /* Sources */,
				BC2E010A1BAA4ACF0007B08F /* Frameworks */,
				BC2E010B1BAA4ACF0007B08F /* Resources */,
			);
			buildRules = (
			);
			dependencies = (
			);
			name = Funny;
			productName = Funny;
			productReference = BC2E010D1BAA4ACF0007B08F /* Funny.app */;
			productType = "com.apple.product-type.application";
		};
		BC2E01281BAA4ACF0007B08F /* FunnyTests */ = {
			isa = PBXNativeTarget;
			buildConfigurationList = BC2E01361BAA4ACF0007B08F /* Build configuration list for PBXNativeTarget "FunnyTests" */;
			buildPhases = (
				BC2E01251BAA4ACF0007B08F /* Sources */,
				BC2E01261BAA4ACF0007B08F /* Frameworks */,
				BC2E01271BAA4ACF0007B08F /* Resources */,
			);
			buildRules = (
			);
			dependencies = (
				BC2E012B1BAA4ACF0007B08F /* PBXTargetDependency */,
			);
			name = FunnyTests;
			productName = FunnyTests;
			productReference = BC2E01291BAA4ACF0007B08F /* FunnyTests.xctest */;
			productType = "com.apple.product-type.bundle.unit-test";
		};
/* End PBXNativeTarget section */

/* Begin PBXProject section */
		BC2E01051BAA4ACF0007B08F /* Project object */ = {
			isa = PBXProject;
			attributes = {
				LastUpgradeCheck = 0630;
				ORGANIZATIONNAME = __None__;
				TargetAttributes = {
					BC2E010C1BAA4ACF0007B08F = {
						CreatedOnToolsVersion = 6.3.1;
					};
					BC2E01281BAA4ACF0007B08F = {
						CreatedOnToolsVersion = 6.3.1;
						TestTargetID = BC2E010C1BAA4ACF0007B08F;
					};
				};
			};
			buildConfigurationList = BC2E01081BAA4ACF0007B08F /* Build configuration list for PBXProject "Funny" */;
			compatibilityVersion = "Xcode 3.2";
			developmentRegion = English;
			hasScannedForEncodings = 0;
			knownRegions = (
				en,
				Base,
			);
			mainGroup = BC2E01041BAA4ACF0007B08F;
			productRefGroup = BC2E010E1BAA4ACF0007B08F /* Products */;
			projectDirPath = "";
			projectRoot = "";
			targets = (
				BC2E010C1BAA4ACF0007B08F /* Funny */,
				BC2E01281BAA4ACF0007B08F /* FunnyTests */,
			);
		};
/* End PBXProject section */

/* Begin PBXResourcesBuildPhase section */
		BC2E010B1BAA4ACF0007B08F /* Resources */ = {
			isa = PBXResourcesBuildPhase;
			buildActionMask = 2147483647;
			files = (
				BC2E011F1BAA4ACF0007B08F /* Main.storyboard in Resources */,
				BC2E01241BAA4ACF0007B08F /* LaunchScreen.xib in Resources */,
				BC2E01211BAA4ACF0007B08F /* Images.xcassets in Resources */,
			);
			runOnlyForDeploymentPostprocessing = 0;
		};
		BC2E01271BAA4ACF0007B08F /* Resources */ = {
			isa = PBXResourcesBuildPhase;
			buildActionMask = 2147483647;
			files = (
			);
			runOnlyForDeploymentPostprocessing = 0;
		};
/* End PBXResourcesBuildPhase section */

/* Begin PBXSourcesBuildPhase section */
		BC2E01091BAA4ACF0007B08F /* Sources */ = {
			isa = PBXSourcesBuildPhase;
			buildActionMask = 2147483647;
			files = (
				BC2E01191BAA4ACF0007B08F /* Funny.xcdatamodeld in Sources */,
				BC2E01161BAA4ACF0007B08F /* AppDelegate.m in Sources */,
				BC2E011C1BAA4ACF0007B08F /* ViewController.m in Sources */,
				BC2E01131BAA4ACF0007B08F /* main.m in Sources */,
			);
			runOnlyForDeploymentPostprocessing = 0;
		};
		BC2E01251BAA4ACF0007B08F /* Sources */ = {
			isa = PBXSourcesBuildPhase;
			buildActionMask = 2147483647;
			files = (
				BC2E01301BAA4ACF0007B08F /* FunnyTests.m in Sources */,
			);
			runOnlyForDeploymentPostprocessing = 0;
		};
/* End PBXSourcesBuildPhase section */

/* Begin PBXTargetDependency section */
		BC2E012B1BAA4ACF0007B08F /* PBXTargetDependency */ = {
			isa = PBXTargetDependency;
			target = BC2E010C1BAA4ACF0007B08F /* Funny */;
			targetProxy = BC2E012A1BAA4ACF0007B08F /* PBXContainerItemProxy */;
		};
/* End PBXTargetDependency section */

/* Begin PBXVariantGroup section */
		BC2E011D1BAA4ACF0007B08F /* Main.storyboard */ = {
			isa = PBXVariantGroup;
			children = (
				BC2E011E1BAA4ACF0007B08F /* Base */,
			);
			name = Main.storyboard;
			sourceTree = "<group>";
		};
		BC2E01221BAA4ACF0007B08F /* LaunchScreen.xib */ = {
			isa = PBXVariantGroup;
			children = (
				BC2E01231BAA4ACF0007B08F /* Base */,
			);
			name = LaunchScreen.xib;
			sourceTree = "<group>";
		};
/* End PBXVariantGroup section */

/* Begin XCBuildConfiguration section */
		BC2E01311BAA4ACF0007B08F /* Debug */ = {
			isa = XCBuildConfiguration;
			buildSettings = {
				ALWAYS_SEARCH_USER_PATHS = NO;
				CLANG_CXX_LANGUAGE_STANDARD = "gnu++0x";
				CLANG_CXX_LIBRARY = "libc++";
				CLANG_ENABLE_MODULES = YES;
				CLANG_ENABLE_OBJC_ARC = YES;
				CLANG_WARN_BOOL_CONVERSION = YES;
				CLANG_WARN_CONSTANT_CONVERSION = YES;
				CLANG_WARN_DIRECT_OBJC_ISA_USAGE = YES_ERROR;
				CLANG_WARN_EMPTY_BODY = YES;
				CLANG_WARN_ENUM_CONVERSION = YES;
				CLANG_WARN_INT_CONVERSION = YES;
				CLANG_WARN_OBJC_ROOT_CLASS = YES_ERROR;
				CLANG_WARN_UNREACHABLE_CODE = YES;
				CLANG_WARN__DUPLICATE_METHOD_MATCH = YES;
				"CODE_SIGN_IDENTITY[sdk=iphoneos*]" = "iPhone Developer";
				COPY_PHASE_STRIP = NO;
				DEBUG_INFORMATION_FORMAT = "dwarf-with-dsym";
				ENABLE_STRICT_OBJC_MSGSEND = YES;
				GCC_C_LANGUAGE_STANDARD = gnu99;
				GCC_DYNAMIC_NO_PIC = NO;
				GCC_NO_COMMON_BLOCKS = YES;
				GCC_OPTIMIZATION_LEVEL = 0;
				GCC_PREPROCESSOR_DEFINITIONS = (
					"DEBUG=1",
					"$(inherited)",
				);
				GCC_SYMBOLS_PRIVATE_EXTERN = NO;
				GCC_WARN_64_TO_32_BIT_CONVERSION = YES;
				GCC_WARN_ABOUT_RETURN_TYPE = YES_ERROR;
				GCC_WARN_UNDECLARED_SELECTOR = YES;
				GCC_WARN_UNINITIALIZED_AUTOS = YES_AGGRESSIVE;
				GCC_WARN_UNUSED_FUNCTION = YES;
				GCC_WARN_UNUSED_VARIABLE = YES;
				IPHONEOS_DEPLOYMENT_TARGET = 8.3;
				MTL_ENABLE_DEBUG_INFO = YES;
				ONLY_ACTIVE_ARCH = YES;
				SDKROOT = iphoneos;
			};
			name = Debug;
		};
		BC2E01321BAA4ACF0007B08F /* Release */ = {
			isa = XCBuildConfiguration;
			buildSettings = {
				ALWAYS_SEARCH_USER_PATHS = NO;
				CLANG_CXX_LANGUAGE_STANDARD = "gnu++0x";
				CLANG_CXX_LIBRARY = "libc++";
				CLANG_ENABLE_MODULES = YES;
				CLANG_ENABLE_OBJC_ARC = YES;
				CLANG_WARN_BOOL_CONVERSION = YES;
				CLANG_WARN_CONSTANT_CONVERSION = YES;
				CLANG_WARN_DIRECT_OBJC_ISA_USAGE = YES_ERROR;
				CLANG_WARN_EMPTY_BODY = YES;
				CLANG_WARN_ENUM_CONVERSION = YES;
				CLANG_WARN_INT_CONVERSION = YES;
				CLANG_WARN_OBJC_ROOT_CLASS = YES_ERROR;
				CLANG_WARN_UNREACHABLE_CODE = YES;
				CLANG_WARN__DUPLICATE_METHOD_MATCH = YES;
				"CODE_SIGN_IDENTITY[sdk=iphoneos*]" = "iPhone Developer";
				COPY_PHASE_STRIP = NO;
				DEBUG_INFORMATION_FORMAT = "dwarf-with-dsym";
				ENABLE_NS_ASSERTIONS = NO;
				ENABLE_STRICT_OBJC_MSGSEND = YES;
				GCC_C_LANGUAGE_STANDARD = gnu99;
				GCC_NO_COMMON_BLOCKS = YES;
				GCC_WARN_64_TO_32_BIT_CONVERSION = YES;
				GCC_WARN_ABOUT_RETURN_TYPE = YES_ERROR;
				GCC_WARN_UNDECLARED_SELECTOR = YES;
				GCC_WARN_UNINITIALIZED_AUTOS = YES_AGGRESSIVE;
				GCC_WARN_UNUSED_FUNCTION = YES;
				GCC_WARN_UNUSED_VARIABLE = YES;
				IPHONEOS_DEPLOYMENT_TARGET = 8.3;
				MTL_ENABLE_DEBUG_INFO = NO;
				SDKROOT = iphoneos;
				VALIDATE_PRODUCT = YES;
			};
			name = Release;
		};
		BC2E01341BAA4ACF0007B08F /* Debug */ = {
			isa = XCBuildConfiguration;
			buildSettings = {
				ASSETCATALOG_COMPILER_APPICON_NAME = AppIcon;
				INFOPLIST_FILE = Funny/Info.plist;
				IPHONEOS_DEPLOYMENT_TARGET = 7.0;
				LD_RUNPATH_SEARCH_PATHS = "$(inherited) @executable_path/Frameworks";
				PRODUCT_NAME = "$(TARGET_NAME)";
			};
			name = Debug;
		};
		BC2E01351BAA4ACF0007B08F /* Release */ = {
			isa = XCBuildConfiguration;
			buildSettings = {
				ASSETCATALOG_COMPILER_APPICON_NAME = AppIcon;
				INFOPLIST_FILE = Funny/Info.plist;
				IPHONEOS_DEPLOYMENT_TARGET = 7.0;
				LD_RUNPATH_SEARCH_PATHS = "$(inherited) @executable_path/Frameworks";
				PRODUCT_NAME = "$(TARGET_NAME)";
			};
			name = Release;
		};
		BC2E01371BAA4ACF0007B08F /* Debug */ = {
			isa = XCBuildConfiguration;
			buildSettings = {
				BUNDLE_LOADER = "$(TEST_HOST)";
				FRAMEWORK_SEARCH_PATHS = (
					"$(SDKROOT)/Developer/Library/Frameworks",
					"$(inherited)",
				);
				GCC_PREPROCESSOR_DEFINITIONS = (
					"DEBUG=1",
					"$(inherited)",
				);
				INFOPLIST_FILE = FunnyTests/Info.plist;
				LD_RUNPATH_SEARCH_PATHS = "$(inherited) @executable_path/Frameworks @loader_path/Frameworks";
				PRODUCT_NAME = "$(TARGET_NAME)";
				TEST_HOST = "$(BUILT_PRODUCTS_DIR)/Funny.app/Funny";
			};
			name = Debug;
		};
		BC2E01381BAA4ACF0007B08F /* Release */ = {
			isa = XCBuildConfiguration;
			buildSettings = {
				BUNDLE_LOADER = "$(TEST_HOST)";
				FRAMEWORK_SEARCH_PATHS = (
					"$(SDKROOT)/Developer/Library/Frameworks",
					"$(inherited)",
				);
				INFOPLIST_FILE = FunnyTests/Info.plist;
				LD_RUNPATH_SEARCH_PATHS = "$(inherited) @executable_path/Frameworks @loader_path/Frameworks";
				PRODUCT_NAME = "$(TARGET_NAME)";
				TEST_HOST = "$(BUILT_PRODUCTS_DIR)/Funny.app/Funny";
			};
			name = Release;
		};
/* End XCBuildConfiguration section */

/* Begin XCConfigurationList section */
		BC2E01081BAA4ACF0007B08F /* Build configuration list for PBXProject "Funny" */ = {
			isa = XCConfigurationList;
			buildConfigurations = (
				BC2E01311BAA4ACF0007B08F /* Debug */,
				BC2E01321BAA4ACF0007B08F /* Release */,
			);
			defaultConfigurationIsVisible = 0;
			defaultConfigurationName = Release;
		};
		BC2E01331BAA4ACF0007B08F /* Build configuration list for PBXNativeTarget "Funny" */ = {
			isa = XCConfigurationList;
			buildConfigurations = (
				BC2E01341BAA4ACF0007B08F /* Debug */,
				BC2E01351BAA4ACF0007B08F /* Release */,
			);
			defaultConfigurationIsVisible = 0;
		};
		BC2E01361BAA4ACF0007B08F /* Build configuration list for PBXNativeTarget "FunnyTests" */ = {
			isa = XCConfigurationList;
			buildConfigurations = (
				BC2E01371BAA4ACF0007B08F /* Debug */,
				BC2E01381BAA4ACF0007B08F /* Release */,
			);
			defaultConfigurationIsVisible = 0;
		};
/* End XCConfigurationList section */

/* Begin XCVersionGroup section */
		BC2E01171BAA4ACF0007B08F /* Funny.xcdatamodeld */ = {
			isa = XCVersionGroup;
			children = (
				BC2E01181BAA4ACF0007B08F /* Funny.xcdatamodel */,
			);
			currentVersion = BC2E01181BAA4ACF0007B08F /* Funny.xcdatamodel */;
			path = Funny.xcdatamodeld;
			sourceTree = "<group>";
			versionGroupType = wrapper.xcdatamodel;
		};
/* End XCVersionGroup section */
	};
	rootObject = BC2E01051BAA4ACF0007B08F /* Project object */;
}
